# THIS IS AN AUTOGENERATED FILE. DO NOT EDIT THIS FILE DIRECTLY.
# yarn lockfile v1


camelcase@^3.0.0:
  version "3.0.0"
  resolved "https://registry.yarnpkg.com/camelcase/-/camelcase-3.0.0.tgz#32fc4b9fcdaf845fcdf7e73bb97cac2261f0ab0a"

clipboard@^2.0.0:
  version "2.0.1"
  resolved "https://registry.yarnpkg.com/clipboard/-/clipboard-2.0.1.tgz#a12481e1c13d8a50f5f036b0560fe5d16d74e46a"
  dependencies:
    good-listener "^1.2.2"
    select "^1.1.2"
    tiny-emitter "^2.0.0"

comma-separated-tokens@^1.0.0:
  version "1.0.5"
  resolved "https://registry.yarnpkg.com/comma-separated-tokens/-/comma-separated-tokens-1.0.5.tgz#b13793131d9ea2d2431cf5b507ddec258f0ce0db"
  dependencies:
    trim "0.0.1"

delegate@^3.1.2:
  version "3.2.0"
  resolved "https://registry.yarnpkg.com/delegate/-/delegate-3.2.0.tgz#b66b71c3158522e8ab5744f720d8ca0c2af59166"

good-listener@^1.2.2:
  version "1.2.2"
  resolved "https://registry.yarnpkg.com/good-listener/-/good-listener-1.2.2.tgz#d53b30cdf9313dffb7dc9a0d477096aa6d145c50"
  dependencies:
    delegate "^3.1.2"

hast-util-parse-selector@^2.0.0:
  version "2.1.0"
  resolved "https://registry.yarnpkg.com/hast-util-parse-selector/-/hast-util-parse-selector-2.1.0.tgz#b55c0f4bb7bb2040c889c325ef87ab29c38102b4"

hastscript@^3.1.0:
  version "3.1.0"
  resolved "https://registry.yarnpkg.com/hastscript/-/hastscript-3.1.0.tgz#66628ba6d7f1ad07d9277dd09028aba7f4934599"
  dependencies:
    camelcase "^3.0.0"
    comma-separated-tokens "^1.0.0"
    hast-util-parse-selector "^2.0.0"
    property-information "^3.0.0"
    space-separated-tokens "^1.0.0"

prism-languages@0.4.0:
  version "0.4.0"
  resolved "https://registry.yarnpkg.com/prism-languages/-/prism-languages-0.4.0.tgz#7b36964ac896909f888d3355aa9ac6055b116e87"

prismjs@~1.14.0:
  version "1.14.0"
  resolved "https://registry.yarnpkg.com/prismjs/-/prismjs-1.14.0.tgz#bbccfdb8be5d850d26453933cb50122ca0362ae0"
  optionalDependencies:
    clipboard "^2.0.0"

property-information@^3.0.0:
  version "3.2.0"
  resolved "https://registry.yarnpkg.com/property-information/-/property-information-3.2.0.tgz#fd1483c8fbac61808f5fe359e7693a1f48a58331"

refractor@2.4.1:
  version "2.4.1"
  resolved "https://registry.yarnpkg.com/refractor/-/refractor-2.4.1.tgz#067654311ed1618fc2dd76e9263c8cf05ab6298b"
  dependencies:
    hastscript "^3.1.0"
    prismjs "~1.14.0"

select@^1.1.2:
  version "1.1.2"
  resolved "https://registry.yarnpkg.com/select/-/select-1.1.2.tgz#0e7350acdec80b1108528786ec1d4418d11b396d"

space-separated-tokens@^1.0.0:
  version "1.1.2"
  resolved "https://registry.yarnpkg.com/space-separated-tokens/-/space-separated-tokens-1.1.2.tgz#e95ab9d19ae841e200808cd96bc7bd0adbbb3412"
  dependencies:
    trim "0.0.1"

tiny-emitter@^2.0.0:
  version "2.0.2"
  resolved "https://registry.yarnpkg.com/tiny-emitter/-/tiny-emitter-2.0.2.tgz#82d27468aca5ade8e5fd1e6d22b57dd43ebdfb7c"

trim@0.0.1:
  version "0.0.1"
  resolved "https://registry.yarnpkg.com/trim/-/trim-0.0.1.tgz#5858547f6b290757ee95cccc666fb50084c460dd"

unist-util-is@^2.1.1:
  version "2.1.2"
  resolved "https://registry.yarnpkg.com/unist-util-is/-/unist-util-is-2.1.2.tgz#1193fa8f2bfbbb82150633f3a8d2eb9a1c1d55db"

unist-util-visit@1.3.1:
  version "1.3.1"
  resolved "https://registry.yarnpkg.com/unist-util-visit/-/unist-util-visit-1.3.1.tgz#c019ac9337a62486be58531bc27e7499ae7d55c7"
  dependencies:
    unist-util-is "^2.1.1"
